
Microsoft Visual Studio Solution File, Format Version 12.00
# Visual Studio 15
VisualStudioVersion = 15.0.27703.2000
MinimumVisualStudioVersion = 10.0.40219.1
Project("{FAE04EC0-301F-11D3-BF4B-00C04F79EFBC}") = "Split", "TrainingPrograms\Split.csproj", "{E8CB3B67-8D51-493B-9F29-B40EA6A3F652}"
EndProject
Project("{FAE04EC0-301F-11D3-BF4B-00C04F79EFBC}") = "Palindrome", "Palindrome\Palindrome.csproj", "{78D2CCF5-0846-40EE-B4B9-FC860BD0E499}"
EndProject
Project("{FAE04EC0-301F-11D3-BF4B-00C04F79EFBC}") = "MututalCharacters", "UnionMututalCharacters\MututalCharacters.csproj", "{C85BB429-5377-453B-83E6-D150F0D0B8C7}"
EndProject
Project("{FAE04EC0-301F-11D3-BF4B-00C04F79EFBC}") = "SwapMaxMinElementsInArray", "SwapMaxMinElementsInArray\SwapMaxMinElementsInArray.csproj", "{0FA095CB-7E83-4399-8995-FB0264479C46}"
EndProject
Project("{FAE04EC0-301F-11D3-BF4B-00C04F79EFBC}") = "Fibonacci", "Fibonacci\Fibonacci.csproj", "{98FC594A-94A4-4BFE-AC48-1F5DD27FCE76}"
EndProject
Project("{FAE04EC0-301F-11D3-BF4B-00C04F79EFBC}") = "ReverseSequence", "ReverseSequence\ReverseSequence.csproj", "{D3D485F3-B6D2-4C2A-8023-D9FAA3DA649E}"
EndProject
Project("{FAE04EC0-301F-11D3-BF4B-00C04F79EFBC}") = "UpperRegisterCountries", "UperRegisterCountries\UpperRegisterCountries.csproj", "{71FAC670-D546-4216-A6AD-086808F465EE}"
EndProject
Project("{FAE04EC0-301F-11D3-BF4B-00C04F79EFBC}") = "SquareDigit", "SquareDigit\SquareDigit.csproj", "{0122F001-771F-4354-849D-75A3FEC544E3}"
EndProject
Project("{FAE04EC0-301F-11D3-BF4B-00C04F79EFBC}") = "SumOfTwoLowestPositiveIntegers", "SumOfTwoLowestPositiveIntegers\SumOfTwoLowestPositiveIntegers.csproj", "{F2960934-758D-4B67-BACC-C44C69506D34}"
EndProject
Project("{FAE04EC0-301F-11D3-BF4B-00C04F79EFBC}") = "Mumbling", "Mumbling\Mumbling.csproj", "{9C449FEF-7550-42CD-9ED2-0827704D58BD}"
EndProject
<<<<<<< HEAD
Project("{FAE04EC0-301F-11D3-BF4B-00C04F79EFBC}") = "BinaryAddition", "BinaryAddition\BinaryAddition.csproj", "{84198B78-65D0-422E-80FE-7F9E3E95F505}"
=======
Project("{FAE04EC0-301F-11D3-BF4B-00C04F79EFBC}") = "MoneyMoneyMoney", "MoneyMoneyMoney\MoneyMoneyMoney.csproj", "{C0FAA0A1-C70B-4BD7-993B-369FA354AF5D}"
>>>>>>> e5b0f42c6e64f6851522876b2a7f4332eec0b785
EndProject
Global
	GlobalSection(SolutionConfigurationPlatforms) = preSolution
		Debug|Any CPU = Debug|Any CPU
		Release|Any CPU = Release|Any CPU
	EndGlobalSection
	GlobalSection(ProjectConfigurationPlatforms) = postSolution
		{E8CB3B67-8D51-493B-9F29-B40EA6A3F652}.Debug|Any CPU.ActiveCfg = Debug|Any CPU
		{E8CB3B67-8D51-493B-9F29-B40EA6A3F652}.Debug|Any CPU.Build.0 = Debug|Any CPU
		{E8CB3B67-8D51-493B-9F29-B40EA6A3F652}.Release|Any CPU.ActiveCfg = Release|Any CPU
		{E8CB3B67-8D51-493B-9F29-B40EA6A3F652}.Release|Any CPU.Build.0 = Release|Any CPU
		{78D2CCF5-0846-40EE-B4B9-FC860BD0E499}.Debug|Any CPU.ActiveCfg = Debug|Any CPU
		{78D2CCF5-0846-40EE-B4B9-FC860BD0E499}.Debug|Any CPU.Build.0 = Debug|Any CPU
		{78D2CCF5-0846-40EE-B4B9-FC860BD0E499}.Release|Any CPU.ActiveCfg = Release|Any CPU
		{78D2CCF5-0846-40EE-B4B9-FC860BD0E499}.Release|Any CPU.Build.0 = Release|Any CPU
		{C85BB429-5377-453B-83E6-D150F0D0B8C7}.Debug|Any CPU.ActiveCfg = Debug|Any CPU
		{C85BB429-5377-453B-83E6-D150F0D0B8C7}.Debug|Any CPU.Build.0 = Debug|Any CPU
		{C85BB429-5377-453B-83E6-D150F0D0B8C7}.Release|Any CPU.ActiveCfg = Release|Any CPU
		{C85BB429-5377-453B-83E6-D150F0D0B8C7}.Release|Any CPU.Build.0 = Release|Any CPU
		{0FA095CB-7E83-4399-8995-FB0264479C46}.Debug|Any CPU.ActiveCfg = Debug|Any CPU
		{0FA095CB-7E83-4399-8995-FB0264479C46}.Debug|Any CPU.Build.0 = Debug|Any CPU
		{0FA095CB-7E83-4399-8995-FB0264479C46}.Release|Any CPU.ActiveCfg = Release|Any CPU
		{0FA095CB-7E83-4399-8995-FB0264479C46}.Release|Any CPU.Build.0 = Release|Any CPU
		{98FC594A-94A4-4BFE-AC48-1F5DD27FCE76}.Debug|Any CPU.ActiveCfg = Debug|Any CPU
		{98FC594A-94A4-4BFE-AC48-1F5DD27FCE76}.Debug|Any CPU.Build.0 = Debug|Any CPU
		{98FC594A-94A4-4BFE-AC48-1F5DD27FCE76}.Release|Any CPU.ActiveCfg = Release|Any CPU
		{98FC594A-94A4-4BFE-AC48-1F5DD27FCE76}.Release|Any CPU.Build.0 = Release|Any CPU
		{D3D485F3-B6D2-4C2A-8023-D9FAA3DA649E}.Debug|Any CPU.ActiveCfg = Debug|Any CPU
		{D3D485F3-B6D2-4C2A-8023-D9FAA3DA649E}.Debug|Any CPU.Build.0 = Debug|Any CPU
		{D3D485F3-B6D2-4C2A-8023-D9FAA3DA649E}.Release|Any CPU.ActiveCfg = Release|Any CPU
		{D3D485F3-B6D2-4C2A-8023-D9FAA3DA649E}.Release|Any CPU.Build.0 = Release|Any CPU
		{71FAC670-D546-4216-A6AD-086808F465EE}.Debug|Any CPU.ActiveCfg = Debug|Any CPU
		{71FAC670-D546-4216-A6AD-086808F465EE}.Debug|Any CPU.Build.0 = Debug|Any CPU
		{71FAC670-D546-4216-A6AD-086808F465EE}.Release|Any CPU.ActiveCfg = Release|Any CPU
		{71FAC670-D546-4216-A6AD-086808F465EE}.Release|Any CPU.Build.0 = Release|Any CPU
		{0122F001-771F-4354-849D-75A3FEC544E3}.Debug|Any CPU.ActiveCfg = Debug|Any CPU
		{0122F001-771F-4354-849D-75A3FEC544E3}.Debug|Any CPU.Build.0 = Debug|Any CPU
		{0122F001-771F-4354-849D-75A3FEC544E3}.Release|Any CPU.ActiveCfg = Release|Any CPU
		{0122F001-771F-4354-849D-75A3FEC544E3}.Release|Any CPU.Build.0 = Release|Any CPU
		{F2960934-758D-4B67-BACC-C44C69506D34}.Debug|Any CPU.ActiveCfg = Debug|Any CPU
		{F2960934-758D-4B67-BACC-C44C69506D34}.Debug|Any CPU.Build.0 = Debug|Any CPU
		{F2960934-758D-4B67-BACC-C44C69506D34}.Release|Any CPU.ActiveCfg = Release|Any CPU
		{F2960934-758D-4B67-BACC-C44C69506D34}.Release|Any CPU.Build.0 = Release|Any CPU
		{9C449FEF-7550-42CD-9ED2-0827704D58BD}.Debug|Any CPU.ActiveCfg = Debug|Any CPU
		{9C449FEF-7550-42CD-9ED2-0827704D58BD}.Debug|Any CPU.Build.0 = Debug|Any CPU
		{9C449FEF-7550-42CD-9ED2-0827704D58BD}.Release|Any CPU.ActiveCfg = Release|Any CPU
		{9C449FEF-7550-42CD-9ED2-0827704D58BD}.Release|Any CPU.Build.0 = Release|Any CPU
<<<<<<< HEAD
		{84198B78-65D0-422E-80FE-7F9E3E95F505}.Debug|Any CPU.ActiveCfg = Debug|Any CPU
		{84198B78-65D0-422E-80FE-7F9E3E95F505}.Debug|Any CPU.Build.0 = Debug|Any CPU
		{84198B78-65D0-422E-80FE-7F9E3E95F505}.Release|Any CPU.ActiveCfg = Release|Any CPU
		{84198B78-65D0-422E-80FE-7F9E3E95F505}.Release|Any CPU.Build.0 = Release|Any CPU
=======
		{C0FAA0A1-C70B-4BD7-993B-369FA354AF5D}.Debug|Any CPU.ActiveCfg = Debug|Any CPU
		{C0FAA0A1-C70B-4BD7-993B-369FA354AF5D}.Debug|Any CPU.Build.0 = Debug|Any CPU
		{C0FAA0A1-C70B-4BD7-993B-369FA354AF5D}.Release|Any CPU.ActiveCfg = Release|Any CPU
		{C0FAA0A1-C70B-4BD7-993B-369FA354AF5D}.Release|Any CPU.Build.0 = Release|Any CPU
>>>>>>> e5b0f42c6e64f6851522876b2a7f4332eec0b785
	EndGlobalSection
	GlobalSection(SolutionProperties) = preSolution
		HideSolutionNode = FALSE
	EndGlobalSection
	GlobalSection(ExtensibilityGlobals) = postSolution
		SolutionGuid = {E342EA55-094E-4814-9625-EFE55739CAED}
	EndGlobalSection
EndGlobal
